
Microsoft Visual Studio Solution File, Format Version 12.00
# Visual Studio Version 17
VisualStudioVersion = 17.3.32929.385
MinimumVisualStudioVersion = 10.0.40219.1
Project("{8BC9CEB8-8B4A-11D0-8D11-00A0C91BC942}") = "PK3_lab3_Listy_jednokierunkowe", "PK3_lab3_Listy_jednokierunkowe\PK3_lab3_Listy_jednokierunkowe.vcxproj", "{23FE1E3E-A293-4A07-92E6-2C32E22B385F}"
EndProject
Global
	GlobalSection(SolutionConfigurationPlatforms) = preSolution
		Debug|x64 = Debug|x64
		Debug|x86 = Debug|x86
		Release|x64 = Release|x64
		Release|x86 = Release|x86
	EndGlobalSection
	GlobalSection(ProjectConfigurationPlatforms) = postSolution
		{23FE1E3E-A293-4A07-92E6-2C32E22B385F}.Debug|x64.ActiveCfg = Debug|x64
		{23FE1E3E-A293-4A07-92E6-2C32E22B385F}.Debug|x64.Build.0 = Debug|x64
		{23FE1E3E-A293-4A07-92E6-2C32E22B385F}.Debug|x86.ActiveCfg = Debug|Win32
		{23FE1E3E-A293-4A07-92E6-2C32E22B385F}.Debug|x86.Build.0 = Debug|Win32
		{23FE1E3E-A293-4A07-92E6-2C32E22B385F}.Release|x64.ActiveCfg = Release|x64
		{23FE1E3E-A293-4A07-92E6-2C32E22B385F}.Release|x64.Build.0 = Release|x64
		{23FE1E3E-A293-4A07-92E6-2C32E22B385F}.Release|x86.ActiveCfg = Release|Win32
		{23FE1E3E-A293-4A07-92E6-2C32E22B385F}.Release|x86.Build.0 = Release|Win32
	EndGlobalSection
	GlobalSection(SolutionProperties) = preSolution
		HideSolutionNode = FALSE
	EndGlobalSection
	GlobalSection(ExtensibilityGlobals) = postSolution
		SolutionGuid = {BAE61CC1-195F-4619-B271-6DCB5EF680F4}
	EndGlobalSection
EndGlobal
